# THIS IS AN AUTOGENERATED FILE. DO NOT EDIT THIS FILE DIRECTLY.
# yarn lockfile v1


"@catcatio/line-flex-builder@^0.0.1":
  version "0.0.1"
  resolved "https://registry.yarnpkg.com/@catcatio/line-flex-builder/-/line-flex-builder-0.0.1.tgz#65b0572d87c2ac28a6687e81a8be2fb8566a110b"
  integrity sha512-/XyqCT14+sG5mo3ohyz7bt4iwmPdmY1epKq9QehPCBK1vIwauR2+vEwCMhVKQ9MVxooJ3Mv2wbCPTOVpAIhGZA==
